PODS:
  - HJ_UIKit/HJAlertView (0.0.1):
    - Masonry
    - YYText
  - HJ_UIKit/HJPriorityManager (0.0.1)
  - Masonry (1.1.0)
  - YYText (1.0.7)

DEPENDENCIES:
  - HJ_UIKit/HJAlertView (from `../`)
  - HJ_UIKit/HJPriorityManager (from `../`)

EXTERNAL SOURCES:
  HJ_UIKit:
    :path: ../

SPEC CHECKSUMS:
  HJ_UIKit: 5fb6fe724fbc1df9854580aa5cc6150296ed4042
  Masonry: 678fab65091a9290e40e2832a55e7ab731aad201
  YYText: 5c461d709e24d55a182d1441c41dc639a18a4849

PODFILE CHECKSUM: 44d7459195f674ee740c4b3c698815d22495620e

COCOAPODS: 1.3.1
